// !$*UTF8*$!
{
	archiveVersion = 1;
	classes = {
	};
	objectVersion = 46;
	objects = {

/* Begin PBXBuildFile section */
		BDD87BC81B2B3C91006C09D1 /* main.swift in Sources */ = {isa = PBXBuildFile; fileRef = BDD87BC71B2B3C91006C09D1 /* main.swift */; };
		BDD87BCF1B2B3ED6006C09D1 /* NumberConvertible.swift in Sources */ = {isa = PBXBuildFile; fileRef = BDD87BCE1B2B3ED6006C09D1 /* NumberConvertible.swift */; };
/* End PBXBuildFile section */

/* Begin PBXCopyFilesBuildPhase section */
		BDD87BC21B2B3C91006C09D1 /* CopyFiles */ = {
			isa = PBXCopyFilesBuildPhase;
			buildActionMask = 2147483647;
			dstPath = /usr/share/man/man1/;
			dstSubfolderSpec = 0;
			files = (
			);
			runOnlyForDeploymentPostprocessing = 1;
		};
/* End PBXCopyFilesBuildPhase section */

/* Begin PBXFileReference section */
		BDD87BC41B2B3C91006C09D1 /* CastFreeMath */ = {isa = PBXFileReference; explicitFileType = "compiled.mach-o.executable"; includeInIndex = 0; path = CastFreeMath; sourceTree = BUILT_PRODUCTS_DIR; };
		BDD87BC71B2B3C91006C09D1 /* main.swift */ = {isa = PBXFileReference; lastKnownFileType = sourcecode.swift; path = main.swift; sourceTree = "<group>"; };
		BDD87BCE1B2B3ED6006C09D1 /* NumberConvertible.swift */ = {isa = PBXFileReference; fileEncoding = 4; lastKnownFileType = sourcecode.swift; path = NumberConvertible.swift; sourceTree = "<group>"; };
/* End PBXFileReference section */

/* Begin PBXFrameworksBuildPhase section */
		BDD87BC11B2B3C91006C09D1 /* Frameworks */ = {
			isa = PBXFrameworksBuildPhase;
			buildActionMask = 2147483647;
			files = (
			);
			runOnlyForDeploymentPostprocessing = 0;
		};
/* End PBXFrameworksBuildPhase section */

/* Begin PBXGroup section */
		BDD87BBB1B2B3C91006C09D1 = {
			isa = PBXGroup;
			children = (
				BDD87BC61B2B3C91006C09D1 /* CastFreeMath */,
				BDD87BC51B2B3C91006C09D1 /* Products */,
			);
			sourceTree = "<group>";
		};
		BDD87BC51B2B3C91006C09D1 /* Products */ = {
			isa = PBXGroup;
			children = (
				BDD87BC41B2B3C91006C09D1 /* CastFreeMath */,
			);
			name = Products;
			sourceTree = "<group>";
		};
		BDD87BC61B2B3C91006C09D1 /* CastFreeMath */ = {
			isa = PBXGroup;
			children = (
				BDD87BC71B2B3C91006C09D1 /* main.swift */,
				BDD87BCE1B2B3ED6006C09D1 /* NumberConvertible.swift */,
			);
			path = CastFreeMath;
			sourceTree = "<group>";
		};
/* End PBXGroup section */

/* Begin PBXNativeTarget section */
		BDD87BC31B2B3C91006C09D1 /* CastFreeMath */ = {
			isa = PBXNativeTarget;
			buildConfigurationList = BDD87BCB1B2B3C91006C09D1 /* Build configuration list for PBXNativeTarget "CastFreeMath" */;
			buildPhases = (
				BDD87BC01B2B3C91006C09D1 /* Sources */,
				BDD87BC11B2B3C91006C09D1 /* Frameworks */,
				BDD87BC21B2B3C91006C09D1 /* CopyFiles */,
			);
			buildRules = (
			);
			dependencies = (
			);
			name = CastFreeMath;
			productName = CastFreeMath;
			productReference = BDD87BC41B2B3C91006C09D1 /* CastFreeMath */;
			productType = "com.apple.product-type.tool";
		};
/* End PBXNativeTarget section */

/* Begin PBXProject section */
		BDD87BBC1B2B3C91006C09D1 /* Project object */ = {
			isa = PBXProject;
			attributes = {
				LastUpgradeCheck = 0700;
				ORGANIZATIONNAME = OpenSource;
				TargetAttributes = {
					BDD87BC31B2B3C91006C09D1 = {
						CreatedOnToolsVersion = 7.0;
					};
				};
			};
			buildConfigurationList = BDD87BBF1B2B3C91006C09D1 /* Build configuration list for PBXProject "CastFreeMath" */;
			compatibilityVersion = "Xcode 3.2";
			developmentRegion = English;
			hasScannedForEncodings = 0;
			knownRegions = (
				en,
			);
			mainGroup = BDD87BBB1B2B3C91006C09D1;
			productRefGroup = BDD87BC51B2B3C91006C09D1 /* Products */;
			projectDirPath = "";
			projectRoot = "";
			targets = (
				BDD87BC31B2B3C91006C09D1 /* CastFreeMath */,
			);
		};
/* End PBXProject section */

/* Begin PBXSourcesBuildPhase section */
		BDD87BC01B2B3C91006C09D1 /* Sources */ = {
			isa = PBXSourcesBuildPhase;
			buildActionMask = 2147483647;
			files = (
				BDD87BCF1B2B3ED6006C09D1 /* NumberConvertible.swift in Sources */,
				BDD87BC81B2B3C91006C09D1 /* main.swift in Sources */,
			);
			runOnlyForDeploymentPostprocessing = 0;
		};
/* End PBXSourcesBuildPhase section */

/* Begin XCBuildConfiguration section */
		BDD87BC91B2B3C91006C09D1 /* Debug */ = {
			isa = XCBuildConfiguration;
			buildSettings = {
				ALWAYS_SEARCH_USER_PATHS = NO;
				CLANG_CXX_LANGUAGE_STANDARD = "gnu++0x";
				CLANG_CXX_LIBRARY = "libc++";
				CLANG_ENABLE_MODULES = YES;
				CLANG_ENABLE_OBJC_ARC = YES;
				CLANG_WARN_BOOL_CONVERSION = YES;
				CLANG_WARN_CONSTANT_CONVERSION = YES;
				CLANG_WARN_DIRECT_OBJC_ISA_USAGE = YES_ERROR;
				CLANG_WARN_EMPTY_BODY = YES;
				CLANG_WARN_ENUM_CONVERSION = YES;
				CLANG_WARN_INT_CONVERSION = YES;
				CLANG_WARN_OBJC_ROOT_CLASS = YES_ERROR;
				CLANG_WARN_UNREACHABLE_CODE = YES;
				CLANG_WARN__DUPLICATE_METHOD_MATCH = YES;
				COPY_PHASE_STRIP = NO;
				DEBUG_INFORMATION_FORMAT = dwarf;
				ENABLE_STRICT_OBJC_MSGSEND = YES;
				ENABLE_TESTABILITY = YES;
				GCC_C_LANGUAGE_STANDARD = gnu99;
				GCC_DYNAMIC_NO_PIC = NO;
				GCC_NO_COMMON_BLOCKS = YES;
				GCC_OPTIMIZATION_LEVEL = 0;
				GCC_PREPROCESSOR_DEFINITIONS = (
					"DEBUG=1",
					"$(inherited)",
				);
				GCC_WARN_64_TO_32_BIT_CONVERSION = YES;
				GCC_WARN_ABOUT_RETURN_TYPE = YES_ERROR;
				GCC_WARN_UNDECLARED_SELECTOR = YES;
				GCC_WARN_UNINITIALIZED_AUTOS = YES_AGGRESSIVE;
				GCC_WARN_UNUSED_FUNCTION = YES;
				GCC_WARN_UNUSED_VARIABLE = YES;
				MACOSX_DEPLOYMENT_TARGET = 10.10;
				MTL_ENABLE_DEBUG_INFO = YES;
				ONLY_ACTIVE_ARCH = YES;
				SDKROOT = macosx;
				SWIFT_OPTIMIZATION_LEVEL = "-Onone";
			};
			name = Debug;
		};
		BDD87BCA1B2B3C91006C09D1 /* Release */ = {
			isa = XCBuildConfiguration;
			buildSettings = {
				ALWAYS_SEARCH_USER_PATHS = NO;
				CLANG_CXX_LANGUAGE_STANDARD = "gnu++0x";
				CLANG_CXX_LIBRARY = "libc++";
				CLANG_ENABLE_MODULES = YES;
				CLANG_ENABLE_OBJC_ARC = YES;
				CLANG_WARN_BOOL_CONVERSION = YES;
				CLANG_WARN_CONSTANT_CONVERSION = YES;
				CLANG_WARN_DIRECT_OBJC_ISA_USAGE = YES_ERROR;
				CLANG_WARN_EMPTY_BODY = YES;
				CLANG_WARN_ENUM_CONVERSION = YES;
				CLANG_WARN_INT_CONVERSION = YES;
				CLANG_WARN_OBJC_ROOT_CLASS = YES_ERROR;
				CLANG_WARN_UNREACHABLE_CODE = YES;
				CLANG_WARN__DUPLICATE_METHOD_MATCH = YES;
				COPY_PHASE_STRIP = NO;
				DEBUG_INFORMATION_FORMAT = "dwarf-with-dsym";
				ENABLE_NS_ASSERTIONS = NO;
				ENABLE_STRICT_OBJC_MSGSEND = YES;
				GCC_C_LANGUAGE_STANDARD = gnu99;
				GCC_NO_COMMON_BLOCKS = YES;
				GCC_WARN_64_TO_32_BIT_CONVERSION = YES;
				GCC_WARN_ABOUT_RETURN_TYPE = YES_ERROR;
				GCC_WARN_UNDECLARED_SELECTOR = YES;
				GCC_WARN_UNINITIALIZED_AUTOS = YES_AGGRESSIVE;
				GCC_WARN_UNUSED_FUNCTION = YES;
				GCC_WARN_UNUSED_VARIABLE = YES;
				MACOSX_DEPLOYMENT_TARGET = 10.10;
				MTL_ENABLE_DEBUG_INFO = NO;
				SDKROOT = macosx;
			};
			name = Release;
		};
		BDD87BCC1B2B3C91006C09D1 /* Debug */ = {
			isa = XCBuildConfiguration;
			buildSettings = {
				PRODUCT_NAME = "$(TARGET_NAME)";
			};
			name = Debug;
		};
		BDD87BCD1B2B3C91006C09D1 /* Release */ = {
			isa = XCBuildConfiguration;
			buildSettings = {
				PRODUCT_NAME = "$(TARGET_NAME)";
			};
			name = Release;
		};
/* End XCBuildConfiguration section */

/* Begin XCConfigurationList section */
		BDD87BBF1B2B3C91006C09D1 /* Build configuration list for PBXProject "CastFreeMath" */ = {
			isa = XCConfigurationList;
			buildConfigurations = (
				BDD87BC91B2B3C91006C09D1 /* Debug */,
				BDD87BCA1B2B3C91006C09D1 /* Release */,
			);
			defaultConfigurationIsVisible = 0;
			defaultConfigurationName = Release;
		};
		BDD87BCB1B2B3C91006C09D1 /* Build configuration list for PBXNativeTarget "CastFreeMath" */ = {
			isa = XCConfigurationList;
			buildConfigurations = (
				BDD87BCC1B2B3C91006C09D1 /* Debug */,
				BDD87BCD1B2B3C91006C09D1 /* Release */,
			);
			defaultConfigurationIsVisible = 0;
		};
/* End XCConfigurationList section */
	};
	rootObject = BDD87BBC1B2B3C91006C09D1 /* Project object */;
}
